
Microsoft Visual Studio Solution File, Format Version 12.00
# Visual Studio Version 17
VisualStudioVersion = 17.1.32210.238
MinimumVisualStudioVersion = 10.0.40219.1
Project("{9A19103F-16F7-4668-BE54-9A1E7A4F7556}") = "MerryWaterCarrierTest", "MerryWaterCarrierTest\MerryWaterCarrierTest.csproj", "{E0AC4009-0D08-47F3-87CF-B1F421638984}"
EndProject
Project("{2150E333-8FDC-42A3-9474-1A3956D46DE8}") = "Solution Items", "Solution Items", "{5B2E5A3F-7FDE-4B6A-B8FE-21184AE540BB}"
	ProjectSection(SolutionItems) = preProject
		Readme.txt = Readme.txt
	EndProjectSection
EndProject
Global
	GlobalSection(SolutionConfigurationPlatforms) = preSolution
		Debug|Any CPU = Debug|Any CPU
		Release|Any CPU = Release|Any CPU
	EndGlobalSection
	GlobalSection(ProjectConfigurationPlatforms) = postSolution
		{E0AC4009-0D08-47F3-87CF-B1F421638984}.Debug|Any CPU.ActiveCfg = Debug|Any CPU
		{E0AC4009-0D08-47F3-87CF-B1F421638984}.Debug|Any CPU.Build.0 = Debug|Any CPU
		{E0AC4009-0D08-47F3-87CF-B1F421638984}.Release|Any CPU.ActiveCfg = Release|Any CPU
		{E0AC4009-0D08-47F3-87CF-B1F421638984}.Release|Any CPU.Build.0 = Release|Any CPU
	EndGlobalSection
	GlobalSection(SolutionProperties) = preSolution
		HideSolutionNode = FALSE
	EndGlobalSection
	GlobalSection(ExtensibilityGlobals) = postSolution
		SolutionGuid = {665E100E-3C8D-4E86-BEBF-1270510B1CF0}
	EndGlobalSection
EndGlobal
